// !$*UTF8*$!
{
	archiveVersion = 1;
	classes = {
	};
	objectVersion = 46;
	objects = {

/* Begin PBXBuildFile section */
		2BFC13031D96C37E00BF1D16 /* AppDelegate.swift in Sources */ = {isa = PBXBuildFile; fileRef = 2BFC13021D96C37E00BF1D16 /* AppDelegate.swift */; };
		2BFC13051D96C37E00BF1D16 /* ViewController.swift in Sources */ = {isa = PBXBuildFile; fileRef = 2BFC13041D96C37E00BF1D16 /* ViewController.swift */; };
		2BFC13081D96C37E00BF1D16 /* Main.storyboard in Resources */ = {isa = PBXBuildFile; fileRef = 2BFC13061D96C37E00BF1D16 /* Main.storyboard */; };
		2BFC130A1D96C37E00BF1D16 /* Assets.xcassets in Resources */ = {isa = PBXBuildFile; fileRef = 2BFC13091D96C37E00BF1D16 /* Assets.xcassets */; };
		2BFC130D1D96C37E00BF1D16 /* LaunchScreen.storyboard in Resources */ = {isa = PBXBuildFile; fileRef = 2BFC130B1D96C37E00BF1D16 /* LaunchScreen.storyboard */; };
/* End PBXBuildFile section */

/* Begin PBXFileReference section */
		2BFC12FF1D96C37E00BF1D16 /* Team Wave RBC Innovation Challenge.app */ = {isa = PBXFileReference; explicitFileType = wrapper.application; includeInIndex = 0; path = "Team Wave RBC Innovation Challenge.app"; sourceTree = BUILT_PRODUCTS_DIR; };
		2BFC13021D96C37E00BF1D16 /* AppDelegate.swift */ = {isa = PBXFileReference; lastKnownFileType = sourcecode.swift; path = AppDelegate.swift; sourceTree = "<group>"; };
		2BFC13041D96C37E00BF1D16 /* ViewController.swift */ = {isa = PBXFileReference; lastKnownFileType = sourcecode.swift; path = ViewController.swift; sourceTree = "<group>"; };
		2BFC13071D96C37E00BF1D16 /* Base */ = {isa = PBXFileReference; lastKnownFileType = file.storyboard; name = Base; path = Base.lproj/Main.storyboard; sourceTree = "<group>"; };
		2BFC13091D96C37E00BF1D16 /* Assets.xcassets */ = {isa = PBXFileReference; lastKnownFileType = folder.assetcatalog; path = Assets.xcassets; sourceTree = "<group>"; };
		2BFC130C1D96C37E00BF1D16 /* Base */ = {isa = PBXFileReference; lastKnownFileType = file.storyboard; name = Base; path = Base.lproj/LaunchScreen.storyboard; sourceTree = "<group>"; };
		2BFC130E1D96C37E00BF1D16 /* Info.plist */ = {isa = PBXFileReference; lastKnownFileType = text.plist.xml; path = Info.plist; sourceTree = "<group>"; };
/* End PBXFileReference section */

/* Begin PBXFrameworksBuildPhase section */
		2BFC12FC1D96C37E00BF1D16 /* Frameworks */ = {
			isa = PBXFrameworksBuildPhase;
			buildActionMask = 2147483647;
			files = (
			);
			runOnlyForDeploymentPostprocessing = 0;
		};
/* End PBXFrameworksBuildPhase section */

/* Begin PBXGroup section */
		2BFC12F61D96C37E00BF1D16 = {
			isa = PBXGroup;
			children = (
				2BFC13011D96C37E00BF1D16 /* Team Wave RBC Innovation Challenge */,
				2BFC13001D96C37E00BF1D16 /* Products */,
			);
			sourceTree = "<group>";
		};
		2BFC13001D96C37E00BF1D16 /* Products */ = {
			isa = PBXGroup;
			children = (
				2BFC12FF1D96C37E00BF1D16 /* Team Wave RBC Innovation Challenge.app */,
			);
			name = Products;
			sourceTree = "<group>";
		};
		2BFC13011D96C37E00BF1D16 /* Team Wave RBC Innovation Challenge */ = {
			isa = PBXGroup;
			children = (
				2BFC13021D96C37E00BF1D16 /* AppDelegate.swift */,
				2BFC13041D96C37E00BF1D16 /* ViewController.swift */,
				2BFC13061D96C37E00BF1D16 /* Main.storyboard */,
				2BFC13091D96C37E00BF1D16 /* Assets.xcassets */,
				2BFC130B1D96C37E00BF1D16 /* LaunchScreen.storyboard */,
				2BFC130E1D96C37E00BF1D16 /* Info.plist */,
			);
			path = "Team Wave RBC Innovation Challenge";
			sourceTree = "<group>";
		};
/* End PBXGroup section */

/* Begin PBXNativeTarget section */
		2BFC12FE1D96C37E00BF1D16 /* Team Wave RBC Innovation Challenge */ = {
			isa = PBXNativeTarget;
			buildConfigurationList = 2BFC13111D96C37E00BF1D16 /* Build configuration list for PBXNativeTarget "Team Wave RBC Innovation Challenge" */;
			buildPhases = (
				2BFC12FB1D96C37E00BF1D16 /* Sources */,
				2BFC12FC1D96C37E00BF1D16 /* Frameworks */,
				2BFC12FD1D96C37E00BF1D16 /* Resources */,
			);
			buildRules = (
			);
			dependencies = (
			);
			name = "Team Wave RBC Innovation Challenge";
			productName = "Team Wave RBC Innovation Challenge";
			productReference = 2BFC12FF1D96C37E00BF1D16 /* Team Wave RBC Innovation Challenge.app */;
			productType = "com.apple.product-type.application";
		};
/* End PBXNativeTarget section */

/* Begin PBXProject section */
		2BFC12F71D96C37E00BF1D16 /* Project object */ = {
			isa = PBXProject;
			attributes = {
				LastSwiftUpdateCheck = 0800;
				LastUpgradeCheck = 0800;
				ORGANIZATIONNAME = "Team Wave";
				TargetAttributes = {
					2BFC12FE1D96C37E00BF1D16 = {
						CreatedOnToolsVersion = 8.0;
						ProvisioningStyle = Automatic;
					};
				};
			};
			buildConfigurationList = 2BFC12FA1D96C37E00BF1D16 /* Build configuration list for PBXProject "Team Wave RBC Innovation Challenge" */;
			compatibilityVersion = "Xcode 3.2";
			developmentRegion = English;
			hasScannedForEncodings = 0;
			knownRegions = (
				en,
				Base,
			);
			mainGroup = 2BFC12F61D96C37E00BF1D16;
			productRefGroup = 2BFC13001D96C37E00BF1D16 /* Products */;
			projectDirPath = "";
			projectRoot = "";
			targets = (
				2BFC12FE1D96C37E00BF1D16 /* Team Wave RBC Innovation Challenge */,
			);
		};
/* End PBXProject section */

/* Begin PBXResourcesBuildPhase section */
		2BFC12FD1D96C37E00BF1D16 /* Resources */ = {
			isa = PBXResourcesBuildPhase;
			buildActionMask = 2147483647;
			files = (
				2BFC130D1D96C37E00BF1D16 /* LaunchScreen.storyboard in Resources */,
				2BFC130A1D96C37E00BF1D16 /* Assets.xcassets in Resources */,
				2BFC13081D96C37E00BF1D16 /* Main.storyboard in Resources */,
			);
			runOnlyForDeploymentPostprocessing = 0;
		};
/* End PBXResourcesBuildPhase section */

/* Begin PBXSourcesBuildPhase section */
		2BFC12FB1D96C37E00BF1D16 /* Sources */ = {
			isa = PBXSourcesBuildPhase;
			buildActionMask = 2147483647;
			files = (
				2BFC13051D96C37E00BF1D16 /* ViewController.swift in Sources */,
				2BFC13031D96C37E00BF1D16 /* AppDelegate.swift in Sources */,
			);
			runOnlyForDeploymentPostprocessing = 0;
		};
/* End PBXSourcesBuildPhase section */

/* Begin PBXVariantGroup section */
		2BFC13061D96C37E00BF1D16 /* Main.storyboard */ = {
			isa = PBXVariantGroup;
			children = (
				2BFC13071D96C37E00BF1D16 /* Base */,
			);
			name = Main.storyboard;
			sourceTree = "<group>";
		};
		2BFC130B1D96C37E00BF1D16 /* LaunchScreen.storyboard */ = {
			isa = PBXVariantGroup;
			children = (
				2BFC130C1D96C37E00BF1D16 /* Base */,
			);
			name = LaunchScreen.storyboard;
			sourceTree = "<group>";
		};
/* End PBXVariantGroup section */

/* Begin XCBuildConfiguration section */
		2BFC130F1D96C37E00BF1D16 /* Debug */ = {
			isa = XCBuildConfiguration;
			buildSettings = {
				ALWAYS_SEARCH_USER_PATHS = NO;
				CLANG_ANALYZER_NONNULL = YES;
				CLANG_CXX_LANGUAGE_STANDARD = "gnu++0x";
				CLANG_CXX_LIBRARY = "libc++";
				CLANG_ENABLE_MODULES = YES;
				CLANG_ENABLE_OBJC_ARC = YES;
				CLANG_WARN_BOOL_CONVERSION = YES;
				CLANG_WARN_CONSTANT_CONVERSION = YES;
				CLANG_WARN_DIRECT_OBJC_ISA_USAGE = YES_ERROR;
				CLANG_WARN_DOCUMENTATION_COMMENTS = YES;
				CLANG_WARN_EMPTY_BODY = YES;
				CLANG_WARN_ENUM_CONVERSION = YES;
				CLANG_WARN_INFINITE_RECURSION = YES;
				CLANG_WARN_INT_CONVERSION = YES;
				CLANG_WARN_OBJC_ROOT_CLASS = YES_ERROR;
				CLANG_WARN_SUSPICIOUS_MOVES = YES;
				CLANG_WARN_UNREACHABLE_CODE = YES;
				CLANG_WARN__DUPLICATE_METHOD_MATCH = YES;
				"CODE_SIGN_IDENTITY[sdk=iphoneos*]" = "iPhone Developer";
				COPY_PHASE_STRIP = NO;
				DEBUG_INFORMATION_FORMAT = dwarf;
				ENABLE_STRICT_OBJC_MSGSEND = YES;
				ENABLE_TESTABILITY = YES;
				GCC_C_LANGUAGE_STANDARD = gnu99;
				GCC_DYNAMIC_NO_PIC = NO;
				GCC_NO_COMMON_BLOCKS = YES;
				GCC_OPTIMIZATION_LEVEL = 0;
				GCC_PREPROCESSOR_DEFINITIONS = (
					"DEBUG=1",
					"$(inherited)",
				);
				GCC_WARN_64_TO_32_BIT_CONVERSION = YES;
				GCC_WARN_ABOUT_RETURN_TYPE = YES_ERROR;
				GCC_WARN_UNDECLARED_SELECTOR = YES;
				GCC_WARN_UNINITIALIZED_AUTOS = YES_AGGRESSIVE;
				GCC_WARN_UNUSED_FUNCTION = YES;
				GCC_WARN_UNUSED_VARIABLE = YES;
				IPHONEOS_DEPLOYMENT_TARGET = 10.0;
				MTL_ENABLE_DEBUG_INFO = YES;
				ONLY_ACTIVE_ARCH = YES;
				SDKROOT = iphoneos;
				SWIFT_ACTIVE_COMPILATION_CONDITIONS = DEBUG;
				SWIFT_OPTIMIZATION_LEVEL = "-Onone";
			};
			name = Debug;
		};
		2BFC13101D96C37E00BF1D16 /* Release */ = {
			isa = XCBuildConfiguration;
			buildSettings = {
				ALWAYS_SEARCH_USER_PATHS = NO;
				CLANG_ANALYZER_NONNULL = YES;
				CLANG_CXX_LANGUAGE_STANDARD = "gnu++0x";
				CLANG_CXX_LIBRARY = "libc++";
				CLANG_ENABLE_MODULES = YES;
				CLANG_ENABLE_OBJC_ARC = YES;
				CLANG_WARN_BOOL_CONVERSION = YES;
				CLANG_WARN_CONSTANT_CONVERSION = YES;
				CLANG_WARN_DIRECT_OBJC_ISA_USAGE = YES_ERROR;
				CLANG_WARN_DOCUMENTATION_COMMENTS = YES;
				CLANG_WARN_EMPTY_BODY = YES;
				CLANG_WARN_ENUM_CONVERSION = YES;
				CLANG_WARN_INFINITE_RECURSION = YES;
				CLANG_WARN_INT_CONVERSION = YES;
				CLANG_WARN_OBJC_ROOT_CLASS = YES_ERROR;
				CLANG_WARN_SUSPICIOUS_MOVES = YES;
				CLANG_WARN_UNREACHABLE_CODE = YES;
				CLANG_WARN__DUPLICATE_METHOD_MATCH = YES;
				"CODE_SIGN_IDENTITY[sdk=iphoneos*]" = "iPhone Developer";
				COPY_PHASE_STRIP = NO;
				DEBUG_INFORMATION_FORMAT = "dwarf-with-dsym";
				ENABLE_NS_ASSERTIONS = NO;
				ENABLE_STRICT_OBJC_MSGSEND = YES;
				GCC_C_LANGUAGE_STANDARD = gnu99;
				GCC_NO_COMMON_BLOCKS = YES;
				GCC_WARN_64_TO_32_BIT_CONVERSION = YES;
				GCC_WARN_ABOUT_RETURN_TYPE = YES_ERROR;
				GCC_WARN_UNDECLARED_SELECTOR = YES;
				GCC_WARN_UNINITIALIZED_AUTOS = YES_AGGRESSIVE;
				GCC_WARN_UNUSED_FUNCTION = YES;
				GCC_WARN_UNUSED_VARIABLE = YES;
				IPHONEOS_DEPLOYMENT_TARGET = 10.0;
				MTL_ENABLE_DEBUG_INFO = NO;
				SDKROOT = iphoneos;
				SWIFT_OPTIMIZATION_LEVEL = "-Owholemodule";
				VALIDATE_PRODUCT = YES;
			};
			name = Release;
		};
		2BFC13121D96C37E00BF1D16 /* Debug */ = {
			isa = XCBuildConfiguration;
			buildSettings = {
				ASSETCATALOG_COMPILER_APPICON_NAME = AppIcon;
				INFOPLIST_FILE = "Team Wave RBC Innovation Challenge/Info.plist";
				LD_RUNPATH_SEARCH_PATHS = "$(inherited) @executable_path/Frameworks";
				PRODUCT_BUNDLE_IDENTIFIER = "Team-Wave.Team-Wave-RBC-Innovation-Challenge";
				PRODUCT_NAME = "$(TARGET_NAME)";
				SWIFT_VERSION = 3.0;
			};
			name = Debug;
		};
		2BFC13131D96C37E00BF1D16 /* Release */ = {
			isa = XCBuildConfiguration;
			buildSettings = {
				ASSETCATALOG_COMPILER_APPICON_NAME = AppIcon;
				INFOPLIST_FILE = "Team Wave RBC Innovation Challenge/Info.plist";
				LD_RUNPATH_SEARCH_PATHS = "$(inherited) @executable_path/Frameworks";
				PRODUCT_BUNDLE_IDENTIFIER = "Team-Wave.Team-Wave-RBC-Innovation-Challenge";
				PRODUCT_NAME = "$(TARGET_NAME)";
				SWIFT_VERSION = 3.0;
			};
			name = Release;
		};
/* End XCBuildConfiguration section */

/* Begin XCConfigurationList section */
		2BFC12FA1D96C37E00BF1D16 /* Build configuration list for PBXProject "Team Wave RBC Innovation Challenge" */ = {
			isa = XCConfigurationList;
			buildConfigurations = (
				2BFC130F1D96C37E00BF1D16 /* Debug */,
				2BFC13101D96C37E00BF1D16 /* Release */,
			);
			defaultConfigurationIsVisible = 0;
			defaultConfigurationName = Release;
		};
		2BFC13111D96C37E00BF1D16 /* Build configuration list for PBXNativeTarget "Team Wave RBC Innovation Challenge" */ = {
			isa = XCConfigurationList;
			buildConfigurations = (
				2BFC13121D96C37E00BF1D16 /* Debug */,
				2BFC13131D96C37E00BF1D16 /* Release */,
			);
			defaultConfigurationIsVisible = 0;
		};
/* End XCConfigurationList section */
	};
	rootObject = 2BFC12F71D96C37E00BF1D16 /* Project object */;
}
